# THIS IS AN AUTOGENERATED FILE. DO NOT EDIT THIS FILE DIRECTLY.
# yarn lockfile v1


"@types/google-apps-script@^0.0.53":
  version "0.0.53"
  resolved "https://registry.yarnpkg.com/@types/google-apps-script/-/google-apps-script-0.0.53.tgz#72bcd785a2b40c0b63f1cd84298b5b36c7b912c1"
  integrity sha512-ycYjNrHZkl9Ah25H3BvKXqEyKHlK4rMLNvUwAqjbl2v29522pDinjBolDXuWTHV8JC+5tc38I/GA/I3B3Y+ihA==
